<?xml version="1.0" encoding="UTF-8" standalone="yes" ?>
<CodeBlocks_project_file>
	<FileVersion major="1" minor="6" />
	<Project>
		<Option title="Whosaved" />
		<Option pch_mode="2" />
		<Option compiler="gcc" />
		<Build>
			<Target title="Debug">
				<Option output="bin/Debug/Whosaved" prefix_auto="1" extension_auto="1" />
				<Option object_output="obj/Debug/" />
				<Option type="1" />
				<Option compiler="gcc" />
				<Compiler>
					<Add option="-g" />
				</Compiler>
			</Target>
			<Target title="Release">
				<Option output="bin/Release/Whosaved" prefix_auto="1" extension_auto="1" />
				<Option object_output="obj/Release/" />
				<Option type="0" />
				<Option compiler="gcc" />
				<Compiler>
					<Add option="-O2" />
				</Compiler>
				<Linker>
					<Add option="-s" />
				</Linker>
			</Target>
		</Build>
		<Compiler>
			<Add option="-Wall" />
			<Add directory="C:/Program Files (x86)/CodeBlocks/SDL/SDL-1.2.15/include" />
		</Compiler>
		<Linker>
			<Add library="mingw32" />
			<Add library="SDLmain" />
			<Add library="SDL.dll" />
			<Add library="user32" />
			<Add library="gdi32" />
			<Add library="winmm" />
			<Add library="dxguid" />
			<Add library="C:\Program Files (x86)\CodeBlocks\MinGW\lib\SDL_ttf.lib" />
			<Add library="C:\Program Files (x86)\CodeBlocks\MinGW\lib\SDL_image.lib" />
			<Add library="C:\Program Files (x86)\CodeBlocks\SDL\SDL-1.2.15\lib\SDL_image.lib" />
			<Add library="C:\Program Files (x86)\CodeBlocks\SDL\SDL_image-1.2.12\lib\x86\SDL_image.lib" />
			<Add library="C:\Program Files (x86)\CodeBlocks\SDL\SDL_image-1.2.12\lib\x64\SDL_image.lib" />
			<Add directory="C:/Program Files (x86)/CodeBlocks/SDL/SDL-1.2.15/lib" />
		</Linker>
		<Unit filename="Actions_Combat.c">
			<Option compilerVar="CC" />
		</Unit>
		<Unit filename="Actions_Combat.h" />
		<Unit filename="Combat.c">
			<Option compilerVar="CC" />
		</Unit>
		<Unit filename="Combat.h" />
		<Unit filename="Constantes.h" />
		<Unit filename="Ecran_Titre.c">
			<Option compilerVar="CC" />
		</Unit>
		<Unit filename="Ecran_Titre.h" />
		<Unit filename="Fenetre_Combat.c">
			<Option compilerVar="CC" />
		</Unit>
		<Unit filename="Fenetres_Combat.h" />
		<Unit filename="Interface_Principale.c">
			<Option compilerVar="CC" />
		</Unit>
		<Unit filename="Interface_Principale.h" />
		<Unit filename="LV_UP.c">
			<Option compilerVar="CC" />
		</Unit>
		<Unit filename="LV_UP.h" />
		<Unit filename="Load_Items.c">
			<Option compilerVar="CC" />
		</Unit>
		<Unit filename="Load_Items.h" />
		<Unit filename="Monde_Ouvert.c">
			<Option compilerVar="CC" />
		</Unit>
		<Unit filename="Monde_Ouvert.h" />
		<Unit filename="Structures.c">
			<Option compilerVar="CC" />
		</Unit>
		<Unit filename="Structures.h" />
		<Unit filename="Tests.c">
			<Option compilerVar="CC" />
		</Unit>
		<Unit filename="Tests.h" />
		<Unit filename="cb.bmp" />
		<Unit filename="main.c">
			<Option compilerVar="CC" />
		</Unit>
		<Extensions>
			<code_completion />
			<envvars />
			<debugger />
			<lib_finder disable_auto="1" />
		</Extensions>
	</Project>
</CodeBlocks_project_file>
